
Microsoft Visual Studio Solution File, Format Version 12.00
# Visual Studio 15
VisualStudioVersion = 15.0.27130.2003
MinimumVisualStudioVersion = 10.0.40219.1
Project("{FAE04EC0-301F-11D3-BF4B-00C04F79EFBC}") = "Naxam.MapboxSdkTurf.Droid", "Naxam.MapboxSdkTurf.Droid\Naxam.MapboxSdkTurf.Droid.csproj", "{8A95D8FD-6029-4883-AFEA-65107F585450}"
EndProject
Project("{FAE04EC0-301F-11D3-BF4B-00C04F79EFBC}") = "MapboxSdkTurfQs", "MapboxSdkTurfQs\MapboxSdkTurfQs.csproj", "{30484DE4-6B5F-4CEC-A43E-00D3BB6E5406}"
EndProject
Global
	GlobalSection(SolutionConfigurationPlatforms) = preSolution
		Debug|Any CPU = Debug|Any CPU
		Release|Any CPU = Release|Any CPU
	EndGlobalSection
	GlobalSection(ProjectConfigurationPlatforms) = postSolution
		{8A95D8FD-6029-4883-AFEA-65107F585450}.Debug|Any CPU.ActiveCfg = Debug|Any CPU
		{8A95D8FD-6029-4883-AFEA-65107F585450}.Debug|Any CPU.Build.0 = Debug|Any CPU
		{8A95D8FD-6029-4883-AFEA-65107F585450}.Release|Any CPU.ActiveCfg = Release|Any CPU
		{8A95D8FD-6029-4883-AFEA-65107F585450}.Release|Any CPU.Build.0 = Release|Any CPU
		{30484DE4-6B5F-4CEC-A43E-00D3BB6E5406}.Debug|Any CPU.ActiveCfg = Debug|Any CPU
		{30484DE4-6B5F-4CEC-A43E-00D3BB6E5406}.Debug|Any CPU.Build.0 = Debug|Any CPU
		{30484DE4-6B5F-4CEC-A43E-00D3BB6E5406}.Debug|Any CPU.Deploy.0 = Debug|Any CPU
		{30484DE4-6B5F-4CEC-A43E-00D3BB6E5406}.Release|Any CPU.ActiveCfg = Release|Any CPU
		{30484DE4-6B5F-4CEC-A43E-00D3BB6E5406}.Release|Any CPU.Build.0 = Release|Any CPU
		{30484DE4-6B5F-4CEC-A43E-00D3BB6E5406}.Release|Any CPU.Deploy.0 = Release|Any CPU
	EndGlobalSection
	GlobalSection(SolutionProperties) = preSolution
		HideSolutionNode = FALSE
	EndGlobalSection
	GlobalSection(ExtensibilityGlobals) = postSolution
		SolutionGuid = {1A6CF080-DEAF-4EA2-BEC6-22805D660894}
	EndGlobalSection
EndGlobal
