
Microsoft Visual Studio Solution File, Format Version 12.00
# Visual Studio Version 16
VisualStudioVersion = 16.0.29001.49
MinimumVisualStudioVersion = 10.0.40219.1
Project("{FAE04EC0-301F-11D3-BF4B-00C04F79EFBC}") = "Naxam.Mapbox.Droid", "Naxam.Mapbox.Droid\Naxam.Mapbox.Droid.csproj", "{974F61D3-E549-4659-AF38-1A1A77C5F86F}"
EndProject
Project("{2150E333-8FDC-42A3-9474-1A3956D46DE8}") = "demo", "demo", "{49B66872-DA9E-4B05-A208-24C0B3EF2180}"
EndProject
Project("{FAE04EC0-301F-11D3-BF4B-00C04F79EFBC}") = "Naxam.MapboxQs", "demo\Naxam.MapboxQs\Naxam.MapboxQs.csproj", "{5B5A4F5E-DDB1-4160-973A-114D9D8A060C}"
EndProject
Project("{FAE04EC0-301F-11D3-BF4B-00C04F79EFBC}") = "Naxam.MapboxGestures.Droid", "Naxam.MapboxGestures.Droid\Naxam.MapboxGestures.Droid.csproj", "{33149EE9-BC7F-469D-B14F-A30D1B9277D1}"
EndProject
Project("{FAE04EC0-301F-11D3-BF4B-00C04F79EFBC}") = "Naxam.MapboxAccounts.Droid", "Naxam.MapboxAccounts.Droid\Naxam.MapboxAccounts.Droid.csproj", "{CC0B3160-E7B8-44B4-A3EC-9D4A87989E0C}"
EndProject
Project("{FAE04EC0-301F-11D3-BF4B-00C04F79EFBC}") = "Naxam.MapboxOffline.Droid", "Naxam.MapboxOffline.Droid\Naxam.MapboxOffline.Droid.csproj", "{1FF678C9-6573-47E9-9BE8-93EE4A3B5535}"
EndProject
Project("{FAE04EC0-301F-11D3-BF4B-00C04F79EFBC}") = "Naxam.MapboxAnnotation.Droid", "Naxam.MapboxAnnotation.Droid\Naxam.MapboxAnnotation.Droid.csproj", "{999C0A89-3817-4BA9-B357-8A5F69CD647C}"
EndProject
Project("{FAE04EC0-301F-11D3-BF4B-00C04F79EFBC}") = "Naxam.MapboxBuilding.Droid", "Naxam.MapboxBuilding.Droid\Naxam.MapboxBuilding.Droid.csproj", "{999C0A89-3817-4BA9-B357-8A5F69CD6479}"
EndProject
Project("{FAE04EC0-301F-11D3-BF4B-00C04F79EFBC}") = "Naxam.MapboxLocalization.Droid", "Naxam.MapboxLocalization.Droid\Naxam.MapboxLocalization.Droid.csproj", "{999C0A89-3817-4BA9-B357-8A5F69CD647A}"
EndProject
Project("{FAE04EC0-301F-11D3-BF4B-00C04F79EFBC}") = "Naxam.MapboxMarkerView.Droid", "Naxam.MapboxMarkerView.Droid\Naxam.MapboxMarkerView.Droid.csproj", "{999C0A89-3817-4BA9-B357-8A5F69CD647B}"
EndProject
Project("{FAE04EC0-301F-11D3-BF4B-00C04F79EFBC}") = "Naxam.MapboxPlaces.Droid", "Naxam.MapboxPlaces.Droid\Naxam.MapboxPlaces.Droid.csproj", "{999C0A89-3817-4BA9-B357-8A5F69CD647F}"
EndProject
Project("{FAE04EC0-301F-11D3-BF4B-00C04F79EFBC}") = "Naxam.MapboxScalebar.Droid", "Naxam.MapboxScalebar.Droid\Naxam.MapboxScalebar.Droid.csproj", "{999C0A89-3817-4BA9-B357-8A5F69CD647E}"
EndProject
Project("{FAE04EC0-301F-11D3-BF4B-00C04F79EFBC}") = "Naxam.MapboxTraffic.Droid", "Naxam.MapboxTraffic.Droid\Naxam.MapboxTraffic.Droid.csproj", "{999C0A89-3817-4BA9-B357-8A5F69CD647D}"
EndProject
Global
	GlobalSection(SolutionConfigurationPlatforms) = preSolution
		Debug|Any CPU = Debug|Any CPU
		Debug|iPhone = Debug|iPhone
		Debug|iPhoneSimulator = Debug|iPhoneSimulator
		Release|Any CPU = Release|Any CPU
		Release|iPhone = Release|iPhone
		Release|iPhoneSimulator = Release|iPhoneSimulator
	EndGlobalSection
	GlobalSection(ProjectConfigurationPlatforms) = postSolution
		{974F61D3-E549-4659-AF38-1A1A77C5F86F}.Debug|Any CPU.ActiveCfg = Debug|Any CPU
		{974F61D3-E549-4659-AF38-1A1A77C5F86F}.Debug|Any CPU.Build.0 = Debug|Any CPU
		{974F61D3-E549-4659-AF38-1A1A77C5F86F}.Debug|iPhone.ActiveCfg = Debug|Any CPU
		{974F61D3-E549-4659-AF38-1A1A77C5F86F}.Debug|iPhone.Build.0 = Debug|Any CPU
		{974F61D3-E549-4659-AF38-1A1A77C5F86F}.Debug|iPhoneSimulator.ActiveCfg = Debug|Any CPU
		{974F61D3-E549-4659-AF38-1A1A77C5F86F}.Debug|iPhoneSimulator.Build.0 = Debug|Any CPU
		{974F61D3-E549-4659-AF38-1A1A77C5F86F}.Release|Any CPU.ActiveCfg = Release|Any CPU
		{974F61D3-E549-4659-AF38-1A1A77C5F86F}.Release|Any CPU.Build.0 = Release|Any CPU
		{974F61D3-E549-4659-AF38-1A1A77C5F86F}.Release|iPhone.ActiveCfg = Release|Any CPU
		{974F61D3-E549-4659-AF38-1A1A77C5F86F}.Release|iPhone.Build.0 = Release|Any CPU
		{974F61D3-E549-4659-AF38-1A1A77C5F86F}.Release|iPhoneSimulator.ActiveCfg = Release|Any CPU
		{974F61D3-E549-4659-AF38-1A1A77C5F86F}.Release|iPhoneSimulator.Build.0 = Release|Any CPU
		{5B5A4F5E-DDB1-4160-973A-114D9D8A060C}.Debug|Any CPU.ActiveCfg = Debug|Any CPU
		{5B5A4F5E-DDB1-4160-973A-114D9D8A060C}.Debug|Any CPU.Build.0 = Debug|Any CPU
		{5B5A4F5E-DDB1-4160-973A-114D9D8A060C}.Debug|Any CPU.Deploy.0 = Debug|Any CPU
		{5B5A4F5E-DDB1-4160-973A-114D9D8A060C}.Debug|iPhone.ActiveCfg = Debug|Any CPU
		{5B5A4F5E-DDB1-4160-973A-114D9D8A060C}.Debug|iPhone.Build.0 = Debug|Any CPU
		{5B5A4F5E-DDB1-4160-973A-114D9D8A060C}.Debug|iPhoneSimulator.ActiveCfg = Debug|Any CPU
		{5B5A4F5E-DDB1-4160-973A-114D9D8A060C}.Debug|iPhoneSimulator.Build.0 = Debug|Any CPU
		{5B5A4F5E-DDB1-4160-973A-114D9D8A060C}.Release|Any CPU.ActiveCfg = Release|Any CPU
		{5B5A4F5E-DDB1-4160-973A-114D9D8A060C}.Release|Any CPU.Build.0 = Release|Any CPU
		{5B5A4F5E-DDB1-4160-973A-114D9D8A060C}.Release|iPhone.ActiveCfg = Release|Any CPU
		{5B5A4F5E-DDB1-4160-973A-114D9D8A060C}.Release|iPhone.Build.0 = Release|Any CPU
		{5B5A4F5E-DDB1-4160-973A-114D9D8A060C}.Release|iPhoneSimulator.ActiveCfg = Release|Any CPU
		{5B5A4F5E-DDB1-4160-973A-114D9D8A060C}.Release|iPhoneSimulator.Build.0 = Release|Any CPU
		{33149EE9-BC7F-469D-B14F-A30D1B9277D1}.Debug|Any CPU.ActiveCfg = Debug|Any CPU
		{33149EE9-BC7F-469D-B14F-A30D1B9277D1}.Debug|Any CPU.Build.0 = Debug|Any CPU
		{33149EE9-BC7F-469D-B14F-A30D1B9277D1}.Debug|iPhone.ActiveCfg = Debug|Any CPU
		{33149EE9-BC7F-469D-B14F-A30D1B9277D1}.Debug|iPhone.Build.0 = Debug|Any CPU
		{33149EE9-BC7F-469D-B14F-A30D1B9277D1}.Debug|iPhoneSimulator.ActiveCfg = Debug|Any CPU
		{33149EE9-BC7F-469D-B14F-A30D1B9277D1}.Debug|iPhoneSimulator.Build.0 = Debug|Any CPU
		{33149EE9-BC7F-469D-B14F-A30D1B9277D1}.Release|Any CPU.ActiveCfg = Release|Any CPU
		{33149EE9-BC7F-469D-B14F-A30D1B9277D1}.Release|Any CPU.Build.0 = Release|Any CPU
		{33149EE9-BC7F-469D-B14F-A30D1B9277D1}.Release|iPhone.ActiveCfg = Release|Any CPU
		{33149EE9-BC7F-469D-B14F-A30D1B9277D1}.Release|iPhone.Build.0 = Release|Any CPU
		{33149EE9-BC7F-469D-B14F-A30D1B9277D1}.Release|iPhoneSimulator.ActiveCfg = Release|Any CPU
		{33149EE9-BC7F-469D-B14F-A30D1B9277D1}.Release|iPhoneSimulator.Build.0 = Release|Any CPU
		{CC0B3160-E7B8-44B4-A3EC-9D4A87989E0C}.Debug|Any CPU.ActiveCfg = Debug|Any CPU
		{CC0B3160-E7B8-44B4-A3EC-9D4A87989E0C}.Debug|Any CPU.Build.0 = Debug|Any CPU
		{CC0B3160-E7B8-44B4-A3EC-9D4A87989E0C}.Debug|iPhone.ActiveCfg = Debug|Any CPU
		{CC0B3160-E7B8-44B4-A3EC-9D4A87989E0C}.Debug|iPhone.Build.0 = Debug|Any CPU
		{CC0B3160-E7B8-44B4-A3EC-9D4A87989E0C}.Debug|iPhoneSimulator.ActiveCfg = Debug|Any CPU
		{CC0B3160-E7B8-44B4-A3EC-9D4A87989E0C}.Debug|iPhoneSimulator.Build.0 = Debug|Any CPU
		{CC0B3160-E7B8-44B4-A3EC-9D4A87989E0C}.Release|Any CPU.ActiveCfg = Release|Any CPU
		{CC0B3160-E7B8-44B4-A3EC-9D4A87989E0C}.Release|Any CPU.Build.0 = Release|Any CPU
		{CC0B3160-E7B8-44B4-A3EC-9D4A87989E0C}.Release|iPhone.ActiveCfg = Release|Any CPU
		{CC0B3160-E7B8-44B4-A3EC-9D4A87989E0C}.Release|iPhone.Build.0 = Release|Any CPU
		{CC0B3160-E7B8-44B4-A3EC-9D4A87989E0C}.Release|iPhoneSimulator.ActiveCfg = Release|Any CPU
		{CC0B3160-E7B8-44B4-A3EC-9D4A87989E0C}.Release|iPhoneSimulator.Build.0 = Release|Any CPU
		{1FF678C9-6573-47E9-9BE8-93EE4A3B5535}.Debug|Any CPU.ActiveCfg = Debug|Any CPU
		{1FF678C9-6573-47E9-9BE8-93EE4A3B5535}.Debug|Any CPU.Build.0 = Debug|Any CPU
		{1FF678C9-6573-47E9-9BE8-93EE4A3B5535}.Debug|iPhone.ActiveCfg = Debug|Any CPU
		{1FF678C9-6573-47E9-9BE8-93EE4A3B5535}.Debug|iPhone.Build.0 = Debug|Any CPU
		{1FF678C9-6573-47E9-9BE8-93EE4A3B5535}.Debug|iPhoneSimulator.ActiveCfg = Debug|Any CPU
		{1FF678C9-6573-47E9-9BE8-93EE4A3B5535}.Debug|iPhoneSimulator.Build.0 = Debug|Any CPU
		{1FF678C9-6573-47E9-9BE8-93EE4A3B5535}.Release|Any CPU.ActiveCfg = Release|Any CPU
		{1FF678C9-6573-47E9-9BE8-93EE4A3B5535}.Release|Any CPU.Build.0 = Release|Any CPU
		{1FF678C9-6573-47E9-9BE8-93EE4A3B5535}.Release|iPhone.ActiveCfg = Release|Any CPU
		{1FF678C9-6573-47E9-9BE8-93EE4A3B5535}.Release|iPhone.Build.0 = Release|Any CPU
		{1FF678C9-6573-47E9-9BE8-93EE4A3B5535}.Release|iPhoneSimulator.ActiveCfg = Release|Any CPU
		{1FF678C9-6573-47E9-9BE8-93EE4A3B5535}.Release|iPhoneSimulator.Build.0 = Release|Any CPU
		{999C0A89-3817-4BA9-B357-8A5F69CD647C}.Debug|Any CPU.ActiveCfg = Debug|Any CPU
		{999C0A89-3817-4BA9-B357-8A5F69CD647C}.Debug|Any CPU.Build.0 = Debug|Any CPU
		{999C0A89-3817-4BA9-B357-8A5F69CD647C}.Debug|iPhone.ActiveCfg = Debug|Any CPU
		{999C0A89-3817-4BA9-B357-8A5F69CD647C}.Debug|iPhone.Build.0 = Debug|Any CPU
		{999C0A89-3817-4BA9-B357-8A5F69CD647C}.Debug|iPhoneSimulator.ActiveCfg = Debug|Any CPU
		{999C0A89-3817-4BA9-B357-8A5F69CD647C}.Debug|iPhoneSimulator.Build.0 = Debug|Any CPU
		{999C0A89-3817-4BA9-B357-8A5F69CD647C}.Release|Any CPU.ActiveCfg = Release|Any CPU
		{999C0A89-3817-4BA9-B357-8A5F69CD647C}.Release|Any CPU.Build.0 = Release|Any CPU
		{999C0A89-3817-4BA9-B357-8A5F69CD647C}.Release|iPhone.ActiveCfg = Release|Any CPU
		{999C0A89-3817-4BA9-B357-8A5F69CD647C}.Release|iPhone.Build.0 = Release|Any CPU
		{999C0A89-3817-4BA9-B357-8A5F69CD647C}.Release|iPhoneSimulator.ActiveCfg = Release|Any CPU
		{999C0A89-3817-4BA9-B357-8A5F69CD647C}.Release|iPhoneSimulator.Build.0 = Release|Any CPU
		{999C0A89-3817-4BA9-B357-8A5F69CD6479}.Debug|Any CPU.ActiveCfg = Debug|Any CPU
		{999C0A89-3817-4BA9-B357-8A5F69CD6479}.Debug|Any CPU.Build.0 = Debug|Any CPU
		{999C0A89-3817-4BA9-B357-8A5F69CD6479}.Debug|iPhone.ActiveCfg = Debug|Any CPU
		{999C0A89-3817-4BA9-B357-8A5F69CD6479}.Debug|iPhone.Build.0 = Debug|Any CPU
		{999C0A89-3817-4BA9-B357-8A5F69CD6479}.Debug|iPhoneSimulator.ActiveCfg = Debug|Any CPU
		{999C0A89-3817-4BA9-B357-8A5F69CD6479}.Debug|iPhoneSimulator.Build.0 = Debug|Any CPU
		{999C0A89-3817-4BA9-B357-8A5F69CD6479}.Release|Any CPU.ActiveCfg = Release|Any CPU
		{999C0A89-3817-4BA9-B357-8A5F69CD6479}.Release|Any CPU.Build.0 = Release|Any CPU
		{999C0A89-3817-4BA9-B357-8A5F69CD6479}.Release|iPhone.ActiveCfg = Release|Any CPU
		{999C0A89-3817-4BA9-B357-8A5F69CD6479}.Release|iPhone.Build.0 = Release|Any CPU
		{999C0A89-3817-4BA9-B357-8A5F69CD6479}.Release|iPhoneSimulator.ActiveCfg = Release|Any CPU
		{999C0A89-3817-4BA9-B357-8A5F69CD6479}.Release|iPhoneSimulator.Build.0 = Release|Any CPU
		{999C0A89-3817-4BA9-B357-8A5F69CD647A}.Debug|Any CPU.ActiveCfg = Debug|Any CPU
		{999C0A89-3817-4BA9-B357-8A5F69CD647A}.Debug|Any CPU.Build.0 = Debug|Any CPU
		{999C0A89-3817-4BA9-B357-8A5F69CD647A}.Debug|iPhone.ActiveCfg = Debug|Any CPU
		{999C0A89-3817-4BA9-B357-8A5F69CD647A}.Debug|iPhone.Build.0 = Debug|Any CPU
		{999C0A89-3817-4BA9-B357-8A5F69CD647A}.Debug|iPhoneSimulator.ActiveCfg = Debug|Any CPU
		{999C0A89-3817-4BA9-B357-8A5F69CD647A}.Debug|iPhoneSimulator.Build.0 = Debug|Any CPU
		{999C0A89-3817-4BA9-B357-8A5F69CD647A}.Release|Any CPU.ActiveCfg = Release|Any CPU
		{999C0A89-3817-4BA9-B357-8A5F69CD647A}.Release|Any CPU.Build.0 = Release|Any CPU
		{999C0A89-3817-4BA9-B357-8A5F69CD647A}.Release|iPhone.ActiveCfg = Release|Any CPU
		{999C0A89-3817-4BA9-B357-8A5F69CD647A}.Release|iPhone.Build.0 = Release|Any CPU
		{999C0A89-3817-4BA9-B357-8A5F69CD647A}.Release|iPhoneSimulator.ActiveCfg = Release|Any CPU
		{999C0A89-3817-4BA9-B357-8A5F69CD647A}.Release|iPhoneSimulator.Build.0 = Release|Any CPU
		{999C0A89-3817-4BA9-B357-8A5F69CD647B}.Debug|Any CPU.ActiveCfg = Debug|Any CPU
		{999C0A89-3817-4BA9-B357-8A5F69CD647B}.Debug|Any CPU.Build.0 = Debug|Any CPU
		{999C0A89-3817-4BA9-B357-8A5F69CD647B}.Debug|iPhone.ActiveCfg = Debug|Any CPU
		{999C0A89-3817-4BA9-B357-8A5F69CD647B}.Debug|iPhone.Build.0 = Debug|Any CPU
		{999C0A89-3817-4BA9-B357-8A5F69CD647B}.Debug|iPhoneSimulator.ActiveCfg = Debug|Any CPU
		{999C0A89-3817-4BA9-B357-8A5F69CD647B}.Debug|iPhoneSimulator.Build.0 = Debug|Any CPU
		{999C0A89-3817-4BA9-B357-8A5F69CD647B}.Release|Any CPU.ActiveCfg = Release|Any CPU
		{999C0A89-3817-4BA9-B357-8A5F69CD647B}.Release|Any CPU.Build.0 = Release|Any CPU
		{999C0A89-3817-4BA9-B357-8A5F69CD647B}.Release|iPhone.ActiveCfg = Release|Any CPU
		{999C0A89-3817-4BA9-B357-8A5F69CD647B}.Release|iPhone.Build.0 = Release|Any CPU
		{999C0A89-3817-4BA9-B357-8A5F69CD647B}.Release|iPhoneSimulator.ActiveCfg = Release|Any CPU
		{999C0A89-3817-4BA9-B357-8A5F69CD647B}.Release|iPhoneSimulator.Build.0 = Release|Any CPU
		{999C0A89-3817-4BA9-B357-8A5F69CD647F}.Debug|Any CPU.ActiveCfg = Debug|Any CPU
		{999C0A89-3817-4BA9-B357-8A5F69CD647F}.Debug|Any CPU.Build.0 = Debug|Any CPU
		{999C0A89-3817-4BA9-B357-8A5F69CD647F}.Debug|iPhone.ActiveCfg = Debug|Any CPU
		{999C0A89-3817-4BA9-B357-8A5F69CD647F}.Debug|iPhone.Build.0 = Debug|Any CPU
		{999C0A89-3817-4BA9-B357-8A5F69CD647F}.Debug|iPhoneSimulator.ActiveCfg = Debug|Any CPU
		{999C0A89-3817-4BA9-B357-8A5F69CD647F}.Debug|iPhoneSimulator.Build.0 = Debug|Any CPU
		{999C0A89-3817-4BA9-B357-8A5F69CD647F}.Release|Any CPU.ActiveCfg = Release|Any CPU
		{999C0A89-3817-4BA9-B357-8A5F69CD647F}.Release|Any CPU.Build.0 = Release|Any CPU
		{999C0A89-3817-4BA9-B357-8A5F69CD647F}.Release|iPhone.ActiveCfg = Release|Any CPU
		{999C0A89-3817-4BA9-B357-8A5F69CD647F}.Release|iPhone.Build.0 = Release|Any CPU
		{999C0A89-3817-4BA9-B357-8A5F69CD647F}.Release|iPhoneSimulator.ActiveCfg = Release|Any CPU
		{999C0A89-3817-4BA9-B357-8A5F69CD647F}.Release|iPhoneSimulator.Build.0 = Release|Any CPU
		{999C0A89-3817-4BA9-B357-8A5F69CD647E}.Debug|Any CPU.ActiveCfg = Debug|Any CPU
		{999C0A89-3817-4BA9-B357-8A5F69CD647E}.Debug|Any CPU.Build.0 = Debug|Any CPU
		{999C0A89-3817-4BA9-B357-8A5F69CD647E}.Debug|iPhone.ActiveCfg = Debug|Any CPU
		{999C0A89-3817-4BA9-B357-8A5F69CD647E}.Debug|iPhone.Build.0 = Debug|Any CPU
		{999C0A89-3817-4BA9-B357-8A5F69CD647E}.Debug|iPhoneSimulator.ActiveCfg = Debug|Any CPU
		{999C0A89-3817-4BA9-B357-8A5F69CD647E}.Debug|iPhoneSimulator.Build.0 = Debug|Any CPU
		{999C0A89-3817-4BA9-B357-8A5F69CD647E}.Release|Any CPU.ActiveCfg = Release|Any CPU
		{999C0A89-3817-4BA9-B357-8A5F69CD647E}.Release|Any CPU.Build.0 = Release|Any CPU
		{999C0A89-3817-4BA9-B357-8A5F69CD647E}.Release|iPhone.ActiveCfg = Release|Any CPU
		{999C0A89-3817-4BA9-B357-8A5F69CD647E}.Release|iPhone.Build.0 = Release|Any CPU
		{999C0A89-3817-4BA9-B357-8A5F69CD647E}.Release|iPhoneSimulator.ActiveCfg = Release|Any CPU
		{999C0A89-3817-4BA9-B357-8A5F69CD647E}.Release|iPhoneSimulator.Build.0 = Release|Any CPU
		{999C0A89-3817-4BA9-B357-8A5F69CD647D}.Debug|Any CPU.ActiveCfg = Debug|Any CPU
		{999C0A89-3817-4BA9-B357-8A5F69CD647D}.Debug|Any CPU.Build.0 = Debug|Any CPU
		{999C0A89-3817-4BA9-B357-8A5F69CD647D}.Debug|iPhone.ActiveCfg = Debug|Any CPU
		{999C0A89-3817-4BA9-B357-8A5F69CD647D}.Debug|iPhone.Build.0 = Debug|Any CPU
		{999C0A89-3817-4BA9-B357-8A5F69CD647D}.Debug|iPhoneSimulator.ActiveCfg = Debug|Any CPU
		{999C0A89-3817-4BA9-B357-8A5F69CD647D}.Debug|iPhoneSimulator.Build.0 = Debug|Any CPU
		{999C0A89-3817-4BA9-B357-8A5F69CD647D}.Release|Any CPU.ActiveCfg = Release|Any CPU
		{999C0A89-3817-4BA9-B357-8A5F69CD647D}.Release|Any CPU.Build.0 = Release|Any CPU
		{999C0A89-3817-4BA9-B357-8A5F69CD647D}.Release|iPhone.ActiveCfg = Release|Any CPU
		{999C0A89-3817-4BA9-B357-8A5F69CD647D}.Release|iPhone.Build.0 = Release|Any CPU
		{999C0A89-3817-4BA9-B357-8A5F69CD647D}.Release|iPhoneSimulator.ActiveCfg = Release|Any CPU
		{999C0A89-3817-4BA9-B357-8A5F69CD647D}.Release|iPhoneSimulator.Build.0 = Release|Any CPU
	EndGlobalSection
	GlobalSection(SolutionProperties) = preSolution
		HideSolutionNode = FALSE
	EndGlobalSection
	GlobalSection(NestedProjects) = preSolution
		{5B5A4F5E-DDB1-4160-973A-114D9D8A060C} = {49B66872-DA9E-4B05-A208-24C0B3EF2180}
	EndGlobalSection
	GlobalSection(ExtensibilityGlobals) = postSolution
		SolutionGuid = {6BA88826-90BF-4933-811D-B53A814C026B}
	EndGlobalSection
EndGlobal
