
Microsoft Visual Studio Solution File, Format Version 12.00
# Visual Studio 15
VisualStudioVersion = 15.0.28010.2003
MinimumVisualStudioVersion = 10.0.40219.1
Project("{FAE04EC0-301F-11D3-BF4B-00C04F79EFBC}") = "Naxam.Mapbox.Droid", "Naxam.Mapbox.Droid\Naxam.Mapbox.Droid.csproj", "{974F61D3-E549-4659-AF38-1A1A77C5F86F}"
EndProject
Project("{2150E333-8FDC-42A3-9474-1A3956D46DE8}") = "demo", "demo", "{49B66872-DA9E-4B05-A208-24C0B3EF2180}"
EndProject
Project("{FAE04EC0-301F-11D3-BF4B-00C04F79EFBC}") = "Naxam.MapboxQs", "demo\Naxam.MapboxQs\Naxam.MapboxQs.csproj", "{5B5A4F5E-DDB1-4160-973A-114D9D8A060C}"
EndProject
Project("{FAE04EC0-301F-11D3-BF4B-00C04F79EFBC}") = "Naxam.Arch.AndroidLifecycleExtensions", "Naxam.Arch.AndroidLifecycleExtensions\Naxam.Arch.AndroidLifecycleExtensions\Naxam.Arch.AndroidLifecycleExtensions.csproj", "{B792714F-3E1E-4814-8D32-899734893C7D}"
EndProject
Project("{FAE04EC0-301F-11D3-BF4B-00C04F79EFBC}") = "Naxam.Mapbox.MapboxAndroidCore", "Naxam.Mapbox.MapboxAndroidCore\Naxam.Mapbox.MapboxAndroidCore\Naxam.Mapbox.MapboxAndroidCore.csproj", "{89C35FAF-F18F-4B4B-819A-4A3FE1170C49}"
EndProject
Global
	GlobalSection(SolutionConfigurationPlatforms) = preSolution
		Debug|Any CPU = Debug|Any CPU
		Debug|iPhone = Debug|iPhone
		Debug|iPhoneSimulator = Debug|iPhoneSimulator
		Release|Any CPU = Release|Any CPU
		Release|iPhone = Release|iPhone
		Release|iPhoneSimulator = Release|iPhoneSimulator
	EndGlobalSection
	GlobalSection(ProjectConfigurationPlatforms) = postSolution
		{974F61D3-E549-4659-AF38-1A1A77C5F86F}.Debug|Any CPU.ActiveCfg = Debug|Any CPU
		{974F61D3-E549-4659-AF38-1A1A77C5F86F}.Debug|Any CPU.Build.0 = Debug|Any CPU
		{974F61D3-E549-4659-AF38-1A1A77C5F86F}.Debug|iPhone.ActiveCfg = Debug|Any CPU
		{974F61D3-E549-4659-AF38-1A1A77C5F86F}.Debug|iPhone.Build.0 = Debug|Any CPU
		{974F61D3-E549-4659-AF38-1A1A77C5F86F}.Debug|iPhoneSimulator.ActiveCfg = Debug|Any CPU
		{974F61D3-E549-4659-AF38-1A1A77C5F86F}.Debug|iPhoneSimulator.Build.0 = Debug|Any CPU
		{974F61D3-E549-4659-AF38-1A1A77C5F86F}.Release|Any CPU.ActiveCfg = Release|Any CPU
		{974F61D3-E549-4659-AF38-1A1A77C5F86F}.Release|Any CPU.Build.0 = Release|Any CPU
		{974F61D3-E549-4659-AF38-1A1A77C5F86F}.Release|iPhone.ActiveCfg = Release|Any CPU
		{974F61D3-E549-4659-AF38-1A1A77C5F86F}.Release|iPhone.Build.0 = Release|Any CPU
		{974F61D3-E549-4659-AF38-1A1A77C5F86F}.Release|iPhoneSimulator.ActiveCfg = Release|Any CPU
		{974F61D3-E549-4659-AF38-1A1A77C5F86F}.Release|iPhoneSimulator.Build.0 = Release|Any CPU
		{5B5A4F5E-DDB1-4160-973A-114D9D8A060C}.Debug|Any CPU.ActiveCfg = Debug|Any CPU
		{5B5A4F5E-DDB1-4160-973A-114D9D8A060C}.Debug|Any CPU.Build.0 = Debug|Any CPU
		{5B5A4F5E-DDB1-4160-973A-114D9D8A060C}.Debug|Any CPU.Deploy.0 = Debug|Any CPU
		{5B5A4F5E-DDB1-4160-973A-114D9D8A060C}.Debug|iPhone.ActiveCfg = Debug|Any CPU
		{5B5A4F5E-DDB1-4160-973A-114D9D8A060C}.Debug|iPhone.Build.0 = Debug|Any CPU
		{5B5A4F5E-DDB1-4160-973A-114D9D8A060C}.Debug|iPhoneSimulator.ActiveCfg = Debug|Any CPU
		{5B5A4F5E-DDB1-4160-973A-114D9D8A060C}.Debug|iPhoneSimulator.Build.0 = Debug|Any CPU
		{5B5A4F5E-DDB1-4160-973A-114D9D8A060C}.Release|Any CPU.ActiveCfg = Release|Any CPU
		{5B5A4F5E-DDB1-4160-973A-114D9D8A060C}.Release|Any CPU.Build.0 = Release|Any CPU
		{5B5A4F5E-DDB1-4160-973A-114D9D8A060C}.Release|iPhone.ActiveCfg = Release|Any CPU
		{5B5A4F5E-DDB1-4160-973A-114D9D8A060C}.Release|iPhone.Build.0 = Release|Any CPU
		{5B5A4F5E-DDB1-4160-973A-114D9D8A060C}.Release|iPhoneSimulator.ActiveCfg = Release|Any CPU
		{5B5A4F5E-DDB1-4160-973A-114D9D8A060C}.Release|iPhoneSimulator.Build.0 = Release|Any CPU
		{B792714F-3E1E-4814-8D32-899734893C7D}.Debug|Any CPU.ActiveCfg = Debug|Any CPU
		{B792714F-3E1E-4814-8D32-899734893C7D}.Debug|Any CPU.Build.0 = Debug|Any CPU
		{B792714F-3E1E-4814-8D32-899734893C7D}.Debug|iPhone.ActiveCfg = Debug|Any CPU
		{B792714F-3E1E-4814-8D32-899734893C7D}.Debug|iPhone.Build.0 = Debug|Any CPU
		{B792714F-3E1E-4814-8D32-899734893C7D}.Debug|iPhoneSimulator.ActiveCfg = Debug|Any CPU
		{B792714F-3E1E-4814-8D32-899734893C7D}.Debug|iPhoneSimulator.Build.0 = Debug|Any CPU
		{B792714F-3E1E-4814-8D32-899734893C7D}.Release|Any CPU.ActiveCfg = Release|Any CPU
		{B792714F-3E1E-4814-8D32-899734893C7D}.Release|Any CPU.Build.0 = Release|Any CPU
		{B792714F-3E1E-4814-8D32-899734893C7D}.Release|iPhone.ActiveCfg = Release|Any CPU
		{B792714F-3E1E-4814-8D32-899734893C7D}.Release|iPhone.Build.0 = Release|Any CPU
		{B792714F-3E1E-4814-8D32-899734893C7D}.Release|iPhoneSimulator.ActiveCfg = Release|Any CPU
		{B792714F-3E1E-4814-8D32-899734893C7D}.Release|iPhoneSimulator.Build.0 = Release|Any CPU
		{89C35FAF-F18F-4B4B-819A-4A3FE1170C49}.Debug|Any CPU.ActiveCfg = Debug|Any CPU
		{89C35FAF-F18F-4B4B-819A-4A3FE1170C49}.Debug|Any CPU.Build.0 = Debug|Any CPU
		{89C35FAF-F18F-4B4B-819A-4A3FE1170C49}.Debug|iPhone.ActiveCfg = Debug|Any CPU
		{89C35FAF-F18F-4B4B-819A-4A3FE1170C49}.Debug|iPhone.Build.0 = Debug|Any CPU
		{89C35FAF-F18F-4B4B-819A-4A3FE1170C49}.Debug|iPhoneSimulator.ActiveCfg = Debug|Any CPU
		{89C35FAF-F18F-4B4B-819A-4A3FE1170C49}.Debug|iPhoneSimulator.Build.0 = Debug|Any CPU
		{89C35FAF-F18F-4B4B-819A-4A3FE1170C49}.Release|Any CPU.ActiveCfg = Release|Any CPU
		{89C35FAF-F18F-4B4B-819A-4A3FE1170C49}.Release|Any CPU.Build.0 = Release|Any CPU
		{89C35FAF-F18F-4B4B-819A-4A3FE1170C49}.Release|iPhone.ActiveCfg = Release|Any CPU
		{89C35FAF-F18F-4B4B-819A-4A3FE1170C49}.Release|iPhone.Build.0 = Release|Any CPU
		{89C35FAF-F18F-4B4B-819A-4A3FE1170C49}.Release|iPhoneSimulator.ActiveCfg = Release|Any CPU
		{89C35FAF-F18F-4B4B-819A-4A3FE1170C49}.Release|iPhoneSimulator.Build.0 = Release|Any CPU
	EndGlobalSection
	GlobalSection(SolutionProperties) = preSolution
		HideSolutionNode = FALSE
	EndGlobalSection
	GlobalSection(NestedProjects) = preSolution
		{5B5A4F5E-DDB1-4160-973A-114D9D8A060C} = {49B66872-DA9E-4B05-A208-24C0B3EF2180}
	EndGlobalSection
	GlobalSection(ExtensibilityGlobals) = postSolution
		SolutionGuid = {DDFE8417-8819-4F18-9FBB-8267951C47FD}
	EndGlobalSection
EndGlobal
