
Microsoft Visual Studio Solution File, Format Version 12.00
# Visual Studio 14
VisualStudioVersion = 14.0.25420.1
MinimumVisualStudioVersion = 10.0.40219.1
Project("{FAE04EC0-301F-11D3-BF4B-00C04F79EFBC}") = "Naxam.Mapbox.Droid", "Naxam.Mapbox.Droid\Naxam.Mapbox.Droid.csproj", "{974F61D3-E549-4659-AF38-1A1A77C5F86F}"
EndProject
Project("{2150E333-8FDC-42A3-9474-1A3956D46DE8}") = "demo", "demo", "{49B66872-DA9E-4B05-A208-24C0B3EF2180}"
EndProject
Project("{FAE04EC0-301F-11D3-BF4B-00C04F79EFBC}") = "Naxam.MapboxQs", "demo\Naxam.MapboxQs\Naxam.MapboxQs.csproj", "{5B5A4F5E-DDB1-4160-973A-114D9D8A060C}"
EndProject
Global
	GlobalSection(SolutionConfigurationPlatforms) = preSolution
		Debug|Any CPU = Debug|Any CPU
		Release|Any CPU = Release|Any CPU
		Debug|iPhoneSimulator = Debug|iPhoneSimulator
		Release|iPhone = Release|iPhone
		Release|iPhoneSimulator = Release|iPhoneSimulator
		Debug|iPhone = Debug|iPhone
	EndGlobalSection
	GlobalSection(ProjectConfigurationPlatforms) = postSolution
		{974F61D3-E549-4659-AF38-1A1A77C5F86F}.Debug|Any CPU.ActiveCfg = Debug|Any CPU
		{974F61D3-E549-4659-AF38-1A1A77C5F86F}.Debug|Any CPU.Build.0 = Debug|Any CPU
		{974F61D3-E549-4659-AF38-1A1A77C5F86F}.Release|Any CPU.ActiveCfg = Release|Any CPU
		{974F61D3-E549-4659-AF38-1A1A77C5F86F}.Release|Any CPU.Build.0 = Release|Any CPU
		{974F61D3-E549-4659-AF38-1A1A77C5F86F}.Debug|iPhoneSimulator.ActiveCfg = Debug|Any CPU
		{974F61D3-E549-4659-AF38-1A1A77C5F86F}.Debug|iPhoneSimulator.Build.0 = Debug|Any CPU
		{974F61D3-E549-4659-AF38-1A1A77C5F86F}.Release|iPhone.ActiveCfg = Release|Any CPU
		{974F61D3-E549-4659-AF38-1A1A77C5F86F}.Release|iPhone.Build.0 = Release|Any CPU
		{974F61D3-E549-4659-AF38-1A1A77C5F86F}.Release|iPhoneSimulator.ActiveCfg = Release|Any CPU
		{974F61D3-E549-4659-AF38-1A1A77C5F86F}.Release|iPhoneSimulator.Build.0 = Release|Any CPU
		{974F61D3-E549-4659-AF38-1A1A77C5F86F}.Debug|iPhone.ActiveCfg = Debug|Any CPU
		{974F61D3-E549-4659-AF38-1A1A77C5F86F}.Debug|iPhone.Build.0 = Debug|Any CPU
		{5B5A4F5E-DDB1-4160-973A-114D9D8A060C}.Debug|Any CPU.ActiveCfg = Debug|Any CPU
		{5B5A4F5E-DDB1-4160-973A-114D9D8A060C}.Debug|Any CPU.Build.0 = Debug|Any CPU
		{5B5A4F5E-DDB1-4160-973A-114D9D8A060C}.Release|Any CPU.ActiveCfg = Release|Any CPU
		{5B5A4F5E-DDB1-4160-973A-114D9D8A060C}.Release|Any CPU.Build.0 = Release|Any CPU
		{5B5A4F5E-DDB1-4160-973A-114D9D8A060C}.Debug|iPhoneSimulator.ActiveCfg = Debug|Any CPU
		{5B5A4F5E-DDB1-4160-973A-114D9D8A060C}.Debug|iPhoneSimulator.Build.0 = Debug|Any CPU
		{5B5A4F5E-DDB1-4160-973A-114D9D8A060C}.Release|iPhone.ActiveCfg = Release|Any CPU
		{5B5A4F5E-DDB1-4160-973A-114D9D8A060C}.Release|iPhone.Build.0 = Release|Any CPU
		{5B5A4F5E-DDB1-4160-973A-114D9D8A060C}.Release|iPhoneSimulator.ActiveCfg = Release|Any CPU
		{5B5A4F5E-DDB1-4160-973A-114D9D8A060C}.Release|iPhoneSimulator.Build.0 = Release|Any CPU
		{5B5A4F5E-DDB1-4160-973A-114D9D8A060C}.Debug|iPhone.ActiveCfg = Debug|Any CPU
		{5B5A4F5E-DDB1-4160-973A-114D9D8A060C}.Debug|iPhone.Build.0 = Debug|Any CPU
	EndGlobalSection
	GlobalSection(SolutionProperties) = preSolution
		HideSolutionNode = FALSE
	EndGlobalSection
	GlobalSection(NestedProjects) = preSolution
		{5B5A4F5E-DDB1-4160-973A-114D9D8A060C} = {49B66872-DA9E-4B05-A208-24C0B3EF2180}
	EndGlobalSection
EndGlobal
