
Microsoft Visual Studio Solution File, Format Version 12.00
# Visual Studio 15
VisualStudioVersion = 15.0.27130.2003
MinimumVisualStudioVersion = 10.0.40219.1
Project("{FAE04EC0-301F-11D3-BF4B-00C04F79EFBC}") = "Naxam.MapboxSdkCore.Droid", "Naxam.MapboxSdkCore.Droid\Naxam.MapboxSdkCore.Droid.csproj", "{24780DA1-E7C6-49F1-A936-45516FD2B53C}"
EndProject
Project("{FAE04EC0-301F-11D3-BF4B-00C04F79EFBC}") = "MapboxSdkCoreQs", "MapboxSdkCoreQs\MapboxSdkCoreQs.csproj", "{C838E8F5-5DE1-4F4E-A3ED-7F8520441ECB}"
EndProject
Global
	GlobalSection(SolutionConfigurationPlatforms) = preSolution
		Debug|Any CPU = Debug|Any CPU
		Release|Any CPU = Release|Any CPU
	EndGlobalSection
	GlobalSection(ProjectConfigurationPlatforms) = postSolution
		{24780DA1-E7C6-49F1-A936-45516FD2B53C}.Debug|Any CPU.ActiveCfg = Debug|Any CPU
		{24780DA1-E7C6-49F1-A936-45516FD2B53C}.Debug|Any CPU.Build.0 = Debug|Any CPU
		{24780DA1-E7C6-49F1-A936-45516FD2B53C}.Release|Any CPU.ActiveCfg = Release|Any CPU
		{24780DA1-E7C6-49F1-A936-45516FD2B53C}.Release|Any CPU.Build.0 = Release|Any CPU
		{C838E8F5-5DE1-4F4E-A3ED-7F8520441ECB}.Debug|Any CPU.ActiveCfg = Debug|Any CPU
		{C838E8F5-5DE1-4F4E-A3ED-7F8520441ECB}.Debug|Any CPU.Build.0 = Debug|Any CPU
		{C838E8F5-5DE1-4F4E-A3ED-7F8520441ECB}.Debug|Any CPU.Deploy.0 = Debug|Any CPU
		{C838E8F5-5DE1-4F4E-A3ED-7F8520441ECB}.Release|Any CPU.ActiveCfg = Release|Any CPU
		{C838E8F5-5DE1-4F4E-A3ED-7F8520441ECB}.Release|Any CPU.Build.0 = Release|Any CPU
		{C838E8F5-5DE1-4F4E-A3ED-7F8520441ECB}.Release|Any CPU.Deploy.0 = Release|Any CPU
	EndGlobalSection
	GlobalSection(SolutionProperties) = preSolution
		HideSolutionNode = FALSE
	EndGlobalSection
	GlobalSection(ExtensibilityGlobals) = postSolution
		SolutionGuid = {06555E31-54DC-41C5-BC8E-302633B0011E}
	EndGlobalSection
EndGlobal
