
Microsoft Visual Studio Solution File, Format Version 12.00
# Visual Studio 15
VisualStudioVersion = 15.0.28010.2003
MinimumVisualStudioVersion = 10.0.40219.1
Project("{FAE04EC0-301F-11D3-BF4B-00C04F79EFBC}") = "Naxam.Mapbox.MapboxAndroidCore", "Naxam.Mapbox.MapboxAndroidCore\Naxam.Mapbox.MapboxAndroidCore.csproj", "{89C35FAF-F18F-4B4B-819A-4A3FE1170C49}"
EndProject
Global
	GlobalSection(SolutionConfigurationPlatforms) = preSolution
		Debug|Any CPU = Debug|Any CPU
		Release|Any CPU = Release|Any CPU
	EndGlobalSection
	GlobalSection(ProjectConfigurationPlatforms) = postSolution
		{89C35FAF-F18F-4B4B-819A-4A3FE1170C49}.Debug|Any CPU.ActiveCfg = Debug|Any CPU
		{89C35FAF-F18F-4B4B-819A-4A3FE1170C49}.Debug|Any CPU.Build.0 = Debug|Any CPU
		{89C35FAF-F18F-4B4B-819A-4A3FE1170C49}.Release|Any CPU.ActiveCfg = Release|Any CPU
		{89C35FAF-F18F-4B4B-819A-4A3FE1170C49}.Release|Any CPU.Build.0 = Release|Any CPU
	EndGlobalSection
	GlobalSection(SolutionProperties) = preSolution
		HideSolutionNode = FALSE
	EndGlobalSection
	GlobalSection(ExtensibilityGlobals) = postSolution
		SolutionGuid = {DDFE8417-8819-4F18-9FBB-8267951C47FD}
	EndGlobalSection
EndGlobal
