
Microsoft Visual Studio Solution File, Format Version 12.00
# Visual Studio 15
VisualStudioVersion = 15.0.27130.2003
MinimumVisualStudioVersion = 10.0.40219.1
Project("{FAE04EC0-301F-11D3-BF4B-00C04F79EFBC}") = "Naxam.MapboxSdkGeojson.Droid", "Naxam.MapboxSdkGeojson.Droid\Naxam.MapboxSdkGeojson.Droid.csproj", "{FD332389-0B77-426B-AA26-E66D70A312DC}"
EndProject
Project("{FAE04EC0-301F-11D3-BF4B-00C04F79EFBC}") = "MapboxSdkGeojsonQs", "MapboxSdkGeojsonQs\MapboxSdkGeojsonQs.csproj", "{82B9CE55-3957-4552-B1C0-AB3665F552BD}"
EndProject
Global
	GlobalSection(SolutionConfigurationPlatforms) = preSolution
		Debug|Any CPU = Debug|Any CPU
		Release|Any CPU = Release|Any CPU
	EndGlobalSection
	GlobalSection(ProjectConfigurationPlatforms) = postSolution
		{FD332389-0B77-426B-AA26-E66D70A312DC}.Debug|Any CPU.ActiveCfg = Debug|Any CPU
		{FD332389-0B77-426B-AA26-E66D70A312DC}.Debug|Any CPU.Build.0 = Debug|Any CPU
		{FD332389-0B77-426B-AA26-E66D70A312DC}.Release|Any CPU.ActiveCfg = Release|Any CPU
		{FD332389-0B77-426B-AA26-E66D70A312DC}.Release|Any CPU.Build.0 = Release|Any CPU
		{82B9CE55-3957-4552-B1C0-AB3665F552BD}.Debug|Any CPU.ActiveCfg = Debug|Any CPU
		{82B9CE55-3957-4552-B1C0-AB3665F552BD}.Debug|Any CPU.Build.0 = Debug|Any CPU
		{82B9CE55-3957-4552-B1C0-AB3665F552BD}.Debug|Any CPU.Deploy.0 = Debug|Any CPU
		{82B9CE55-3957-4552-B1C0-AB3665F552BD}.Release|Any CPU.ActiveCfg = Release|Any CPU
		{82B9CE55-3957-4552-B1C0-AB3665F552BD}.Release|Any CPU.Build.0 = Release|Any CPU
		{82B9CE55-3957-4552-B1C0-AB3665F552BD}.Release|Any CPU.Deploy.0 = Release|Any CPU
	EndGlobalSection
	GlobalSection(SolutionProperties) = preSolution
		HideSolutionNode = FALSE
	EndGlobalSection
	GlobalSection(ExtensibilityGlobals) = postSolution
		SolutionGuid = {4E37A9C0-9F2E-4CEB-8F1B-EF083921C0DC}
	EndGlobalSection
EndGlobal
